
Microsoft Visual Studio Solution File, Format Version 12.00
# Visual Studio Version 16
VisualStudioVersion = 16.0.29519.87
MinimumVisualStudioVersion = 10.0.40219.1
Project("{FAE04EC0-301F-11D3-BF4B-00C04F79EFBC}") = "MoneyBlog.Web", "MoneyBlog.Web\MoneyBlog.Web.csproj", "{20E3AE69-AD1C-4019-8973-447312569BA8}"
EndProject
Project("{FAE04EC0-301F-11D3-BF4B-00C04F79EFBC}") = "MoneyBlog.DataLayer", "MoneyBlog.DataLayer\MoneyBlog.DataLayer.csproj", "{5FD19492-9ED7-45DF-8E13-892F53B0A691}"
EndProject
Project("{FAE04EC0-301F-11D3-BF4B-00C04F79EFBC}") = "MoneyBlog.Services", "MoneyBlog.Services\MoneyBlog.Services.csproj", "{D5469BA9-4332-4D51-BCEB-99EFD48A9063}"
EndProject
Project("{FAE04EC0-301F-11D3-BF4B-00C04F79EFBC}") = "MoneyBlog.Test", "MoneyBlog.Test\MoneyBlog.Test.csproj", "{467D80D5-0060-4FD1-A368-6BBB78A4D3EB}"
EndProject
Project("{FAE04EC0-301F-11D3-BF4B-00C04F79EFBC}") = "MoneyBlog.Api", "MoneyBlog.Api\MoneyBlog.Api.csproj", "{A01DAD47-4A4A-49FA-8409-DD6D90F3637B}"
EndProject
Global
	GlobalSection(SolutionConfigurationPlatforms) = preSolution
		Debug|Any CPU = Debug|Any CPU
		Release|Any CPU = Release|Any CPU
	EndGlobalSection
	GlobalSection(ProjectConfigurationPlatforms) = postSolution
		{20E3AE69-AD1C-4019-8973-447312569BA8}.Debug|Any CPU.ActiveCfg = Debug|Any CPU
		{20E3AE69-AD1C-4019-8973-447312569BA8}.Debug|Any CPU.Build.0 = Debug|Any CPU
		{20E3AE69-AD1C-4019-8973-447312569BA8}.Release|Any CPU.ActiveCfg = Release|Any CPU
		{20E3AE69-AD1C-4019-8973-447312569BA8}.Release|Any CPU.Build.0 = Release|Any CPU
		{5FD19492-9ED7-45DF-8E13-892F53B0A691}.Debug|Any CPU.ActiveCfg = Debug|Any CPU
		{5FD19492-9ED7-45DF-8E13-892F53B0A691}.Debug|Any CPU.Build.0 = Debug|Any CPU
		{5FD19492-9ED7-45DF-8E13-892F53B0A691}.Release|Any CPU.ActiveCfg = Release|Any CPU
		{5FD19492-9ED7-45DF-8E13-892F53B0A691}.Release|Any CPU.Build.0 = Release|Any CPU
		{D5469BA9-4332-4D51-BCEB-99EFD48A9063}.Debug|Any CPU.ActiveCfg = Debug|Any CPU
		{D5469BA9-4332-4D51-BCEB-99EFD48A9063}.Debug|Any CPU.Build.0 = Debug|Any CPU
		{D5469BA9-4332-4D51-BCEB-99EFD48A9063}.Release|Any CPU.ActiveCfg = Release|Any CPU
		{D5469BA9-4332-4D51-BCEB-99EFD48A9063}.Release|Any CPU.Build.0 = Release|Any CPU
		{467D80D5-0060-4FD1-A368-6BBB78A4D3EB}.Debug|Any CPU.ActiveCfg = Debug|Any CPU
		{467D80D5-0060-4FD1-A368-6BBB78A4D3EB}.Debug|Any CPU.Build.0 = Debug|Any CPU
		{467D80D5-0060-4FD1-A368-6BBB78A4D3EB}.Release|Any CPU.ActiveCfg = Release|Any CPU
		{467D80D5-0060-4FD1-A368-6BBB78A4D3EB}.Release|Any CPU.Build.0 = Release|Any CPU
		{A01DAD47-4A4A-49FA-8409-DD6D90F3637B}.Debug|Any CPU.ActiveCfg = Debug|Any CPU
		{A01DAD47-4A4A-49FA-8409-DD6D90F3637B}.Debug|Any CPU.Build.0 = Debug|Any CPU
		{A01DAD47-4A4A-49FA-8409-DD6D90F3637B}.Release|Any CPU.ActiveCfg = Release|Any CPU
		{A01DAD47-4A4A-49FA-8409-DD6D90F3637B}.Release|Any CPU.Build.0 = Release|Any CPU
	EndGlobalSection
	GlobalSection(SolutionProperties) = preSolution
		HideSolutionNode = FALSE
	EndGlobalSection
	GlobalSection(ExtensibilityGlobals) = postSolution
		SolutionGuid = {6F4B9D51-CBED-4ECD-8AD8-4D5D56AD78E8}
	EndGlobalSection
EndGlobal
